
Microsoft Visual Studio Solution File, Format Version 12.00
# Visual Studio Version 16
VisualStudioVersion = 16.0.28729.10
MinimumVisualStudioVersion = 10.0.40219.1
Project("{FAE04EC0-301F-11D3-BF4B-00C04F79EFBC}") = "DSAL", "DSAL\DSAL.csproj", "{1484E3A7-6725-4FC2-80CE-90C1EE3CD454}"
EndProject
Global
	GlobalSection(SolutionConfigurationPlatforms) = preSolution
		Debug|Any CPU = Debug|Any CPU
		Release|Any CPU = Release|Any CPU
	EndGlobalSection
	GlobalSection(ProjectConfigurationPlatforms) = postSolution
		{1484E3A7-6725-4FC2-80CE-90C1EE3CD454}.Debug|Any CPU.ActiveCfg = Debug|Any CPU
		{1484E3A7-6725-4FC2-80CE-90C1EE3CD454}.Debug|Any CPU.Build.0 = Debug|Any CPU
		{1484E3A7-6725-4FC2-80CE-90C1EE3CD454}.Release|Any CPU.ActiveCfg = Release|Any CPU
		{1484E3A7-6725-4FC2-80CE-90C1EE3CD454}.Release|Any CPU.Build.0 = Release|Any CPU
	EndGlobalSection
	GlobalSection(SolutionProperties) = preSolution
		HideSolutionNode = FALSE
	EndGlobalSection
	GlobalSection(ExtensibilityGlobals) = postSolution
		SolutionGuid = {C20DBDC6-75EC-440D-8356-E2522FFE895F}
	EndGlobalSection
EndGlobal
